
Microsoft Visual Studio Solution File, Format Version 12.00
# Visual Studio Version 17
VisualStudioVersion = 17.6.33815.320
MinimumVisualStudioVersion = 10.0.40219.1
Project("{9A19103F-16F7-4668-BE54-9A1E7A4F7556}") = "Patient.Entities", "Patient.Entities\Patient.Entities.csproj", "{BF8848A2-69FF-464B-A6CB-8E796E01AD5D}"
EndProject
Global
	GlobalSection(SolutionConfigurationPlatforms) = preSolution
		Debug|Any CPU = Debug|Any CPU
		Release|Any CPU = Release|Any CPU
	EndGlobalSection
	GlobalSection(ProjectConfigurationPlatforms) = postSolution
		{BF8848A2-69FF-464B-A6CB-8E796E01AD5D}.Debug|Any CPU.ActiveCfg = Debug|Any CPU
		{BF8848A2-69FF-464B-A6CB-8E796E01AD5D}.Debug|Any CPU.Build.0 = Debug|Any CPU
		{BF8848A2-69FF-464B-A6CB-8E796E01AD5D}.Release|Any CPU.ActiveCfg = Release|Any CPU
		{BF8848A2-69FF-464B-A6CB-8E796E01AD5D}.Release|Any CPU.Build.0 = Release|Any CPU
	EndGlobalSection
	GlobalSection(SolutionProperties) = preSolution
		HideSolutionNode = FALSE
	EndGlobalSection
	GlobalSection(ExtensibilityGlobals) = postSolution
		SolutionGuid = {D1165886-D4B8-419D-B49C-0610CCBB6379}
	EndGlobalSection
EndGlobal
